
Microsoft Visual Studio Solution File, Format Version 12.00
# Visual Studio Version 16
VisualStudioVersion = 16.0.29215.179
MinimumVisualStudioVersion = 10.0.40219.1
Project("{9A19103F-16F7-4668-BE54-9A1E7A4F7556}") = "Test.Logging", "Test.Logging\Test.Logging.csproj", "{C0C30ADE-E339-4E2E-9611-10371C52CA58}"
EndProject
Project("{FAE04EC0-301F-11D3-BF4B-00C04F79EFBC}") = "Test.DependencyInjection", "Test.DependencyInjection\Test.DependencyInjection.csproj", "{EF3F7A4A-0C9F-4487-8B72-E2E983F5BF1F}"
EndProject
Global
	GlobalSection(SolutionConfigurationPlatforms) = preSolution
		Debug|Any CPU = Debug|Any CPU
		Release|Any CPU = Release|Any CPU
	EndGlobalSection
	GlobalSection(ProjectConfigurationPlatforms) = postSolution
		{C0C30ADE-E339-4E2E-9611-10371C52CA58}.Debug|Any CPU.ActiveCfg = Debug|Any CPU
		{C0C30ADE-E339-4E2E-9611-10371C52CA58}.Debug|Any CPU.Build.0 = Debug|Any CPU
		{C0C30ADE-E339-4E2E-9611-10371C52CA58}.Release|Any CPU.ActiveCfg = Release|Any CPU
		{C0C30ADE-E339-4E2E-9611-10371C52CA58}.Release|Any CPU.Build.0 = Release|Any CPU
		{EF3F7A4A-0C9F-4487-8B72-E2E983F5BF1F}.Debug|Any CPU.ActiveCfg = Debug|Any CPU
		{EF3F7A4A-0C9F-4487-8B72-E2E983F5BF1F}.Debug|Any CPU.Build.0 = Debug|Any CPU
		{EF3F7A4A-0C9F-4487-8B72-E2E983F5BF1F}.Release|Any CPU.ActiveCfg = Release|Any CPU
		{EF3F7A4A-0C9F-4487-8B72-E2E983F5BF1F}.Release|Any CPU.Build.0 = Release|Any CPU
	EndGlobalSection
	GlobalSection(SolutionProperties) = preSolution
		HideSolutionNode = FALSE
	EndGlobalSection
	GlobalSection(ExtensibilityGlobals) = postSolution
		SolutionGuid = {E22C4211-08FD-4946-A5F4-7A97F2808CF6}
	EndGlobalSection
EndGlobal
